github.com/aws/aws-sdk-go-v2 v1.21.0/go.mod h1:/RfNgGmRxI+iFOB1OeJUyxiU+9s88k3pfHvDagGEp0M=
github.com/aws/aws-sdk-go-v2 v1.26.1 h1:5554eUqIYVWpU0YmeeYZ0wU64H2VLBs8TlhRB2L+EkA=
github.com/aws/aws-sdk-go-v2 v1.26.1/go.mod h1:ffIFB97e2yNsv4aTSGkqtHnppsIJzw7G7BReUZ3jCXM=
github.com/aws/aws-sdk-go-v2/aws/protocol/eventstream v1.6.2 h1:x6xsQXGSmW6frevwDA+vi/wqhp1ct18mVXYN08/93to=
github.com/aws/aws-sdk-go-v2/aws/protocol/eventstream v1.6.2/go.mod h1:lPprDr1e6cJdyYeGXnRaJoP4Md+cDBvi2eOj00BlGmg=
github.com/aws/aws-sdk-go-v2/config v1.27.11 h1:f47rANd2LQEYHda2ddSCKYId18/8BhSRM4BULGmfgNA=
github.com/aws/aws-sdk-go-v2/config v1.27.11/go.mod h1:SMsV78RIOYdve1vf36z8LmnszlRWkwMQtomCAI0/mIE=
github.com/aws/aws-sdk-go-v2/config v1.27.13 h1:WbKW8hOzrWoOA/+35S5okqO/2Ap8hkkFUzoW8Hzq24A=
github.com/aws/aws-sdk-go-v2/config v1.27.13/go.mod h1:XLiyiTMnguytjRER7u5RIkhIqS8Nyz41SwAWb4xEjxs=
github.com/aws/aws-sdk-go-v2/credentials v1.17.11 h1:YuIB1dJNf1Re822rriUOTxopaHHvIq0l/pX3fwO+Tzs=
github.com/aws/aws-sdk-go-v2/credentials v1.17.11/go.mod h1:AQtFPsDH9bI2O+71anW6EKL+NcD7LG3dpKGMV4SShgo=
github.com/aws/aws-sdk-go-v2/credentials v1.17.13 h1:XDCJDzk/u5cN7Aple7D/MiAhx1Rjo/0nueJ0La8mRuE=
github.com/aws/aws-sdk-go-v2/credentials v1.17.13/go.mod h1:FMNcjQrmuBYvOTZDtOLCIu0esmxjF7RuA/89iSXWzQI=
github.com/aws/aws-sdk-go-v2/feature/ec2/imds v1.16.1 h1:FVJ0r5XTHSmIHJV6KuDmdYhEpvlHpiSd38RQWhut5J4=
github.com/aws/aws-sdk-go-v2/feature/ec2/imds v1.16.1/go.mod h1:zusuAeqezXzAB24LGuzuekqMAEgWkVYukBec3kr3jUg=
github.com/aws/aws-sdk-go-v2/feature/s3/manager v1.16.15 h1:7Zwtt/lP3KNRkeZre7soMELMGNoBrutx8nobg1jKWmo=
github.com/aws/aws-sdk-go-v2/feature/s3/manager v1.16.15/go.mod h1:436h2adoHb57yd+8W+gYPrrA9U/R/SuAuOO42Ushzhw=
github.com/aws/aws-sdk-go-v2/feature/s3/manager v1.16.17 h1:9b1Os1s11mF5qTIKLgSsyPG810di2+ySSLIIt9bwe9I=
github.com/aws/aws-sdk-go-v2/feature/s3/manager v1.16.17/go.mod h1:9Wp7tDOMhv0+sb/FTRAkbHNQ7abYDnoJRzm5AAtCnTc=
github.com/aws/aws-sdk-go-v2/internal/configsources v1.1.41/go.mod h1:CrObHAuPneJBlfEJ5T3szXOUkLEThaGfvnhTf33buas=
github.com/aws/aws-sdk-go-v2/internal/configsources v1.3.5 h1:aw39xVGeRWlWx9EzGVnhOR4yOjQDHPQ6o6NmBlscyQg=
github.com/aws/aws-sdk-go-v2/internal/configsources v1.3.5/go.mod h1:FSaRudD0dXiMPK2UjknVwwTYyZMRsHv3TtkabsZih5I=
github.com/aws/aws-sdk-go-v2/internal/endpoints/v2 v2.4.35/go.mod h1:SJC1nEVVva1g3pHAIdCp7QsRIkMmLAgoDquQ9Rr8kYw=
github.com/aws/aws-sdk-go-v2/internal/endpoints/v2 v2.6.5 h1:PG1F3OD1szkuQPzDw3CIQsRIrtTlUC3lP84taWzHlq0=
github.com/aws/aws-sdk-go-v2/internal/endpoints/v2 v2.6.5/go.mod h1:jU1li6RFryMz+so64PpKtudI+QzbKoIEivqdf6LNpOc=
github.com/aws/aws-sdk-go-v2/internal/ini v1.8.0 h1:hT8rVHwugYE2lEfdFE0QWVo81lF7jMrYJVDWI+f+VxU=
github.com/aws/aws-sdk-go-v2/internal/ini v1.8.0/go.mod h1:8tu/lYfQfFe6IGnaOdrpVgEL2IrrDOf6/m9RQum4NkY=
github.com/aws/aws-sdk-go-v2/internal/v4a v1.3.5 h1:81KE7vaZzrl7yHBYHVEzYB8sypz11NMOZ40YlWvPxsU=
github.com/aws/aws-sdk-go-v2/internal/v4a v1.3.5/go.mod h1:LIt2rg7Mcgn09Ygbdh/RdIm0rQ+3BNkbP1gyVMFtRK0=
github.com/aws/aws-sdk-go-v2/service/ec2 v1.122.0 h1:i+YnwvmUy51p+8nwH9eDMzn5GWVLK+Pvva6To8O4AaI=
github.com/aws/aws-sdk-go-v2/service/ec2 v1.122.0/go.mod h1:0FhI2Rzcv5BNM3dNnbcCx2qa2naFZoAidJi11cQgzL0=
github.com/aws/aws-sdk-go-v2/service/ec2 v1.161.1 h1:NbjXshriDs5bGeqKvrOF70L41X0aCMC60ImN2vkcQAc=
github.com/aws/aws-sdk-go-v2/service/ec2 v1.161.1/go.mod h1:xejKuuRDjz6z5OqyeLsz01MlOqqW7CqpAB4PabNvpu8=
github.com/aws/aws-sdk-go-v2/service/internal/accept-encoding v1.11.2 h1:Ji0DY1xUsUr3I8cHps0G+XM3WWU16lP6yG8qu1GAZAs=
github.com/aws/aws-sdk-go-v2/service/internal/accept-encoding v1.11.2/go.mod h1:5CsjAbs3NlGQyZNFACh+zztPDI7fU6eW9QsxjfnuBKg=
github.com/aws/aws-sdk-go-v2/service/internal/checksum v1.3.7 h1:ZMeFZ5yk+Ek+jNr1+uwCd2tG89t6oTS5yVWpa6yy2es=
github.com/aws/aws-sdk-go-v2/service/internal/checksum v1.3.7/go.mod h1:mxV05U+4JiHqIpGqqYXOHLPKUC6bDXC44bsUhNjOEwY=
github.com/aws/aws-sdk-go-v2/service/internal/presigned-url v1.9.35/go.mod h1:QGF2Rs33W5MaN9gYdEQOBBFPLwTZkEhRwI33f7KIG0o=
github.com/aws/aws-sdk-go-v2/service/internal/presigned-url v1.11.7 h1:ogRAwT1/gxJBcSWDMZlgyFUM962F51A5CRhDLbxLdmo=
github.com/aws/aws-sdk-go-v2/service/internal/presigned-url v1.11.7/go.mod h1:YCsIZhXfRPLFFCl5xxY+1T9RKzOKjCut+28JSX2DnAk=
github.com/aws/aws-sdk-go-v2/service/internal/s3shared v1.17.5 h1:f9RyWNtS8oH7cZlbn+/JNPpjUk5+5fLd5lM9M0i49Ys=
github.com/aws/aws-sdk-go-v2/service/internal/s3shared v1.17.5/go.mod h1:h5CoMZV2VF297/VLhRhO1WF+XYWOzXo+4HsObA4HjBQ=
github.com/aws/aws-sdk-go-v2/service/s3 v1.53.1 h1:6cnno47Me9bRykw9AEv9zkXE+5or7jz8TsskTTccbgc=
github.com/aws/aws-sdk-go-v2/service/s3 v1.53.1/go.mod h1:qmdkIIAC+GCLASF7R2whgNrJADz0QZPX+Seiw/i4S3o=
github.com/aws/aws-sdk-go-v2/service/s3 v1.53.2 h1:rq2hglTQM3yHZvOPVMtNvLS5x6hijx7JvRDgKiTNDGQ=
github.com/aws/aws-sdk-go-v2/service/s3 v1.53.2/go.mod h1:qmdkIIAC+GCLASF7R2whgNrJADz0QZPX+Seiw/i4S3o=
github.com/aws/aws-sdk-go-v2/service/sso v1.20.5 h1:vN8hEbpRnL7+Hopy9dzmRle1xmDc7o8tmY0klsr175w=
github.com/aws/aws-sdk-go-v2/service/sso v1.20.5/go.mod h1:qGzynb/msuZIE8I75DVRCUXw3o3ZyBmUvMwQ2t/BrGM=
github.com/aws/aws-sdk-go-v2/service/sso v1.20.6 h1:o5cTaeunSpfXiLTIBx5xo2enQmiChtu1IBbzXnfU9Hs=
github.com/aws/aws-sdk-go-v2/service/sso v1.20.6/go.mod h1:qGzynb/msuZIE8I75DVRCUXw3o3ZyBmUvMwQ2t/BrGM=
github.com/aws/aws-sdk-go-v2/service/ssooidc v1.23.4 h1:Jux+gDDyi1Lruk+KHF91tK2KCuY61kzoCpvtvJJBtOE=
github.com/aws/aws-sdk-go-v2/service/ssooidc v1.23.4/go.mod h1:mUYPBhaF2lGiukDEjJX2BLRRKTmoUSitGDUgM4tRxak=
github.com/aws/aws-sdk-go-v2/service/ssooidc v1.24.0 h1:Qe0r0lVURDDeBQJ4yP+BOrJkvkiCo/3FH/t+wY11dmw=
github.com/aws/aws-sdk-go-v2/service/ssooidc v1.24.0/go.mod h1:mUYPBhaF2lGiukDEjJX2BLRRKTmoUSitGDUgM4tRxak=
github.com/aws/aws-sdk-go-v2/service/sts v1.28.6 h1:cwIxeBttqPN3qkaAjcEcsh8NYr8n2HZPkcKgPAi1phU=
github.com/aws/aws-sdk-go-v2/service/sts v1.28.6/go.mod h1:FZf1/nKNEkHdGGJP/cI2MoIMquumuRK6ol3QQJNDxmw=
github.com/aws/aws-sdk-go-v2/service/sts v1.28.7 h1:et3Ta53gotFR4ERLXXHIHl/Uuk1qYpP5uU7cvNql8ns=
github.com/aws/aws-sdk-go-v2/service/sts v1.28.7/go.mod h1:FZf1/nKNEkHdGGJP/cI2MoIMquumuRK6ol3QQJNDxmw=
github.com/aws/smithy-go v1.14.2/go.mod h1:Tg+OJXh4MB2R/uN61Ko2f6hTZwB/ZYGOtib8J3gBHzA=
github.com/aws/smithy-go v1.20.2 h1:tbp628ireGtzcHDDmLT/6ADHidqnwgF57XOXZe6tp4Q=
github.com/aws/smithy-go v1.20.2/go.mod h1:krry+ya/rV9RDcV/Q16kpu6ypI4K2czasz0NC3qS14E=
github.com/davecgh/go-spew v1.1.0 h1:ZDRjVQ15GmhC3fiQ8ni8+OwkZQO4DARzQgrnXU1Liz8=
github.com/davecgh/go-spew v1.1.0/go.mod h1:J7Y8YcW2NihsgmVo/mv3lAwl/skON4iLHjSsI+c5H38=
github.com/google/go-cmp v0.5.8 h1:e6P7q2lk1O+qJJb4BtCQXlK8vWEO8V1ZeuEdJNOqZyg=
github.com/google/go-cmp v0.5.8/go.mod h1:17dUlkBOakJ0+DkrSSNjCkIjxS6bF9zb3elmeNGIjoY=
github.com/iodasolutions/xbee-common v0.0.0-20240430044956-032c9d5978c7 h1:4yGomwVgmFeXSoheO0NnTkoKrrSN6Tv8ImgNWYlNDAE=
github.com/iodasolutions/xbee-common v0.0.0-20240430044956-032c9d5978c7/go.mod h1:Yfpj+f4yCrJgbOLWqtn5Vzen2Vas0Gsi5vsS/Wc46QE=
github.com/iodasolutions/xbee-common v0.0.0-20240608091202-1df0913d7bc8 h1:JAct+dUA+WIJHm4kYVOk895lHULmhY6r5vKiot7SB6E=
github.com/iodasolutions/xbee-common v0.0.0-20240608091202-1df0913d7bc8/go.mod h1:Yfpj+f4yCrJgbOLWqtn5Vzen2Vas0Gsi5vsS/Wc46QE=
github.com/iodasolutions/xbee-common v0.0.0-20240608102229-11ee60532e98 h1:PODRma/oeH+/bkTj6HIOY69F1JfG9kalQ0OLHG2naOo=
github.com/iodasolutions/xbee-common v0.0.0-20240608102229-11ee60532e98/go.mod h1:Yfpj+f4yCrJgbOLWqtn5Vzen2Vas0Gsi5vsS/Wc46QE=
github.com/iodasolutions/xbee-common v0.0.0-20240608125242-061675624bcf h1:2YmJJvnN8576k+Y8ZKh3g9wDZ48b9UwJ9I3X5yRjXZ4=
github.com/iodasolutions/xbee-common v0.0.0-20240608125242-061675624bcf/go.mod h1:Yfpj+f4yCrJgbOLWqtn5Vzen2Vas0Gsi5vsS/Wc46QE=
github.com/iodasolutions/xbee-common v0.0.0-20240608130531-24671a708567 h1:0t9AaKJhkL6YSoZPbg1CF3uxrhKuEQvo2cxFfdf50zw=
github.com/iodasolutions/xbee-common v0.0.0-20240608130531-24671a708567/go.mod h1:Yfpj+f4yCrJgbOLWqtn5Vzen2Vas0Gsi5vsS/Wc46QE=
github.com/iodasolutions/xbee-common v0.0.0-20240609202706-d6da4d3decf2 h1:6e5weA+JZ3HVmr5McVPNKnZeFR7pTPiPmJENzo0nrUQ=
github.com/iodasolutions/xbee-common v0.0.0-20240609202706-d6da4d3decf2/go.mod h1:Yfpj+f4yCrJgbOLWqtn5Vzen2Vas0Gsi5vsS/Wc46QE=
github.com/iodasolutions/xbee-common v0.0.0-20240609203819-b7593a6cf49c h1:drasdTWsZQIolkwq0iagRPKwIyuN3U+fjS41XhTuKZ8=
github.com/iodasolutions/xbee-common v0.0.0-20240609203819-b7593a6cf49c/go.mod h1:Yfpj+f4yCrJgbOLWqtn5Vzen2Vas0Gsi5vsS/Wc46QE=
github.com/iodasolutions/xbee-common v0.0.0-20240609211748-2cdb05b8d657 h1:/WEv12mAnYTjLZHkET+Rd8CphWHDtN+MnhdMJsWMC2c=
github.com/iodasolutions/xbee-common v0.0.0-20240609211748-2cdb05b8d657/go.mod h1:Yfpj+f4yCrJgbOLWqtn5Vzen2Vas0Gsi5vsS/Wc46QE=
github.com/iodasolutions/xbee-common v0.0.0-20240610053441-f7b9faa02a99 h1:hlRFZu+xZpEyAJMvPkldqfykQcAr2FYqfDPm64Z5vRA=
github.com/iodasolutions/xbee-common v0.0.0-20240610053441-f7b9faa02a99/go.mod h1:Yfpj+f4yCrJgbOLWqtn5Vzen2Vas0Gsi5vsS/Wc46QE=
github.com/iodasolutions/xbee-common v0.0.0-20240610053619-0cee9bbcb5f4 h1:xATaayuduTRzJESpNgjWA3xDScnMzZl/bws7seRcxsE=
github.com/iodasolutions/xbee-common v0.0.0-20240610053619-0cee9bbcb5f4/go.mod h1:Yfpj+f4yCrJgbOLWqtn5Vzen2Vas0Gsi5vsS/Wc46QE=
github.com/iodasolutions/xbee-common v0.0.0-20240610054511-27681d27947b h1:IRi19qduz/rc2Rv60K4BMgpDm3dVbV6P0KmpWcnZFW0=
github.com/iodasolutions/xbee-common v0.0.0-20240610054511-27681d27947b/go.mod h1:Yfpj+f4yCrJgbOLWqtn5Vzen2Vas0Gsi5vsS/Wc46QE=
github.com/iodasolutions/xbee-common v0.0.0-20240610061048-b6bec7a46707 h1:So7o/cssuRcbdiYNL3ZFjdUoIEAPHSvdJwohp0cughI=
github.com/iodasolutions/xbee-common v0.0.0-20240610061048-b6bec7a46707/go.mod h1:Yfpj+f4yCrJgbOLWqtn5Vzen2Vas0Gsi5vsS/Wc46QE=
github.com/iodasolutions/xbee-common v0.0.0-20240610181223-353ac04bf71c h1:L4rra3DIXK8YZPt6lWmPRbN8YdW+Xh23IE5YHqovEHo=
github.com/iodasolutions/xbee-common v0.0.0-20240610181223-353ac04bf71c/go.mod h1:Yfpj+f4yCrJgbOLWqtn5Vzen2Vas0Gsi5vsS/Wc46QE=
github.com/iodasolutions/xbee-common v0.0.0-20240610194715-f7c76825241d h1:i2b545yIXnCWCzyfZPBLWdy8J46BM5L6npANdBbuMRs=
github.com/iodasolutions/xbee-common v0.0.0-20240610194715-f7c76825241d/go.mod h1:Yfpj+f4yCrJgbOLWqtn5Vzen2Vas0Gsi5vsS/Wc46QE=
github.com/iodasolutions/xbee-common v0.0.0-20240610195813-333700d621f2 h1:MYlj1cbpm86kL+gqEJFGom+Ic4iLR6VXAKpT9sZDB/Y=
github.com/iodasolutions/xbee-common v0.0.0-20240610195813-333700d621f2/go.mod h1:Yfpj+f4yCrJgbOLWqtn5Vzen2Vas0Gsi5vsS/Wc46QE=
github.com/iodasolutions/xbee-common v0.0.0-20240615073816-49350bb90772 h1:JrLd5eYeT0Nclix19D8SffhdvvPajpCzoQ1h3kR3Ep0=
github.com/iodasolutions/xbee-common v0.0.0-20240615073816-49350bb90772/go.mod h1:Yfpj+f4yCrJgbOLWqtn5Vzen2Vas0Gsi5vsS/Wc46QE=
github.com/iodasolutions/xbee-common v0.0.0-20240618193534-70f9efe5f867 h1:j1PKTF4vcBRYBa4Z7vE0Kd3bvwyQedIULzj0E+snhJ4=
github.com/iodasolutions/xbee-common v0.0.0-20240618193534-70f9efe5f867/go.mod h1:Yfpj+f4yCrJgbOLWqtn5Vzen2Vas0Gsi5vsS/Wc46QE=
github.com/iodasolutions/xbee-common v0.0.0-20240619203723-5dc77b13e962 h1:EYxb3kRnhPJBhi8m9CFrOPfC3l6ABWO92gx/p04Bi80=
github.com/iodasolutions/xbee-common v0.0.0-20240619203723-5dc77b13e962/go.mod h1:Yfpj+f4yCrJgbOLWqtn5Vzen2Vas0Gsi5vsS/Wc46QE=
github.com/iodasolutions/xbee-common v0.0.0-20240620190146-9d84c5870872 h1:4X7ydBpXyPcjNB3Z1MCtzHPEWm3kIg8JV2RmbDk7MaE=
github.com/iodasolutions/xbee-common v0.0.0-20240620190146-9d84c5870872/go.mod h1:Yfpj+f4yCrJgbOLWqtn5Vzen2Vas0Gsi5vsS/Wc46QE=
github.com/iodasolutions/xbee-common v0.0.0-20240620190821-bbfd7b12143a h1:Yp1Jd0xK6EU/vMABVwa7ZKDnt0pYq+PU3NTDAw8AzRA=
github.com/iodasolutions/xbee-common v0.0.0-20240620190821-bbfd7b12143a/go.mod h1:Yfpj+f4yCrJgbOLWqtn5Vzen2Vas0Gsi5vsS/Wc46QE=
github.com/iodasolutions/xbee-common v0.0.0-20240624192520-8cf45b507a55 h1:sx7dP7vhFU/hzTa3Pox0NjSHtsCnW5I3GzmFm8DLVMw=
github.com/iodasolutions/xbee-common v0.0.0-20240624192520-8cf45b507a55/go.mod h1:Yfpj+f4yCrJgbOLWqtn5Vzen2Vas0Gsi5vsS/Wc46QE=
github.com/iodasolutions/xbee-common v0.0.0-20240630071341-d380bf04a245 h1:GwPCk8WRBnTGFLELRLu7cQ0H3Wjq8FcHKTQywKEORIc=
github.com/iodasolutions/xbee-common v0.0.0-20240630071341-d380bf04a245/go.mod h1:Yfpj+f4yCrJgbOLWqtn5Vzen2Vas0Gsi5vsS/Wc46QE=
github.com/iodasolutions/xbee-common v0.0.0-20240630074012-a30c0680096a h1:nH38mtYe5DOMvnN9k2CJkTgyKfyq+3sWkBy1MkVWOxE=
github.com/iodasolutions/xbee-common v0.0.0-20240630074012-a30c0680096a/go.mod h1:Yfpj+f4yCrJgbOLWqtn5Vzen2Vas0Gsi5vsS/Wc46QE=
github.com/iodasolutions/xbee-common v0.0.0-20240713071725-b50fd0ff619e h1:cHZqbtCZwmBF3SjECkK6083i7PnfmywH53kmHKQub5E=
github.com/iodasolutions/xbee-common v0.0.0-20240713071725-b50fd0ff619e/go.mod h1:Yfpj+f4yCrJgbOLWqtn5Vzen2Vas0Gsi5vsS/Wc46QE=
github.com/iodasolutions/xbee-common v0.0.0-20240713093847-e52f24bcc19a h1:n7YaZiTCKRZGl+REp2+hS0Cgn9E4r8hCiyyT5EJkjYo=
github.com/iodasolutions/xbee-common v0.0.0-20240713093847-e52f24bcc19a/go.mod h1:Yfpj+f4yCrJgbOLWqtn5Vzen2Vas0Gsi5vsS/Wc46QE=
github.com/iodasolutions/xbee-common v0.0.0-20240713095501-718cc84075b8 h1:LiHiHEZu2kp7kcSf1WQRfYsguigfmayixxOr1QeG3Y0=
github.com/iodasolutions/xbee-common v0.0.0-20240713095501-718cc84075b8/go.mod h1:Yfpj+f4yCrJgbOLWqtn5Vzen2Vas0Gsi5vsS/Wc46QE=
github.com/iodasolutions/xbee-common v0.0.0-20240713095617-14579b2802ea h1:jGEYUOtMwhmvWeOJPW/P2j5iW7tKl88X1COtcEXEsxM=
github.com/iodasolutions/xbee-common v0.0.0-20240713095617-14579b2802ea/go.mod h1:Yfpj+f4yCrJgbOLWqtn5Vzen2Vas0Gsi5vsS/Wc46QE=
github.com/iodasolutions/xbee-common v0.0.0-20240728055633-d117e50cf4ef h1:BqeI0nYKdj1gqYN9mKFcwaSJ4QtRE6lCIrJGDJjcz8E=
github.com/iodasolutions/xbee-common v0.0.0-20240728055633-d117e50cf4ef/go.mod h1:Yfpj+f4yCrJgbOLWqtn5Vzen2Vas0Gsi5vsS/Wc46QE=
github.com/iodasolutions/xbee-common v0.0.0-20240811100232-9b7a7d115393 h1:+ZBrcQ1o3/bWixWya7RezLn1Ublmpn+i10NDChmBWmo=
github.com/iodasolutions/xbee-common v0.0.0-20240811100232-9b7a7d115393/go.mod h1:Yfpj+f4yCrJgbOLWqtn5Vzen2Vas0Gsi5vsS/Wc46QE=
github.com/iodasolutions/xbee-common v0.0.0-20240811104842-cac50fa9232f h1:UfgWrcZ5MhWAlFORDG1ven8Vw1tMqK6RJtc9vg7a+1A=
github.com/iodasolutions/xbee-common v0.0.0-20240811104842-cac50fa9232f/go.mod h1:Yfpj+f4yCrJgbOLWqtn5Vzen2Vas0Gsi5vsS/Wc46QE=
github.com/jmespath/go-jmespath v0.4.0 h1:BEgLn5cpjn8UN1mAw4NjwDrS35OdebyEtFe+9YPoQUg=
github.com/jmespath/go-jmespath v0.4.0/go.mod h1:T8mJZnbsbmF+m6zOOFylbeCJqk5+pHWvzYPziyZiYoo=
github.com/jmespath/go-jmespath/internal/testify v1.5.1 h1:shLQSRRSCCPj3f2gpwzGwWFoC7ycTf1rcQZHOlsJ6N8=
github.com/jmespath/go-jmespath/internal/testify v1.5.1/go.mod h1:L3OGu8Wl2/fWfCI6z80xFu9LTZmf1ZRjMHUOPmWr69U=
github.com/nu7hatch/gouuid v0.0.0-20131221200532-179d4d0c4d8d h1:VhgPp6v9qf9Agr/56bj7Y/xa04UccTW04VP0Qed4vnQ=
github.com/nu7hatch/gouuid v0.0.0-20131221200532-179d4d0c4d8d/go.mod h1:YUTz3bUH2ZwIWBy3CJBeOBEugqcmXREj14T+iG/4k4U=
github.com/pmezard/go-difflib v1.0.0 h1:4DBwDE0NGyQoBHbLQYPwSUPoCMWR5BEzIk/f1lZbAQM=
github.com/pmezard/go-difflib v1.0.0/go.mod h1:iKH77koFhYxTK1pcRnkKkqfTogsbg7gZNVY4sRDYZ/4=
github.com/stretchr/objx v0.1.0/go.mod h1:HFkY916IF+rwdDfMAkV7OtwuqBVzrE8GR6GFx+wExME=
github.com/ulikunitz/xz v0.5.12 h1:37Nm15o69RwBkXM0J6A5OlE67RZTfzUxTj8fB3dfcsc=
github.com/ulikunitz/xz v0.5.12/go.mod h1:nbz6k7qbPmH4IRqmfOplQw/tblSgqTqBwxkY0oWt/14=
golang.org/x/crypto v0.22.0 h1:g1v0xeRhjcugydODzvb3mEM9SQ0HGp9s/nh3COQ/C30=
golang.org/x/crypto v0.22.0/go.mod h1:vr6Su+7cTlO45qkww3VDJlzDn0ctJvRgYbC2NvXHt+M=
golang.org/x/sys v0.19.0 h1:q5f1RH2jigJ1MoAWp2KTp3gm5zAGFUTarQZ5U386+4o=
golang.org/x/sys v0.19.0/go.mod h1:/VUhepiaJMQUp4+oa/7Zr1D23ma6VTLIYjOOTFZPUcA=
golang.org/x/term v0.19.0 h1:+ThwsDv+tYfnJFhF4L8jITxu1tdTWRTZpdsWgEgjL6Q=
golang.org/x/term v0.19.0/go.mod h1:2CuTdWZ7KHSQwUzKva0cbMg6q2DMI3Mmxp+gKJbskEk=
gopkg.in/check.v1 v0.0.0-20161208181325-20d25e280405/go.mod h1:Co6ibVJAznAaIkqp8huTwlJQCZ016jof/cbN4VW5Yz0=
gopkg.in/yaml.v2 v2.2.8 h1:obN1ZagJSUGI0Ek/LBmuj4SNLPfIny3KsKFopxRdj10=
gopkg.in/yaml.v2 v2.2.8/go.mod h1:hI93XBmqTisBFMUTm0b8Fm+jr3Dg1NNxqwp+5A1VGuI=
