github.com/aws/aws-sdk-go-v2 v1.30.4 h1:frhcagrVNrzmT95RJImMHgabt99vkXGslubDaDagTk8=
github.com/aws/aws-sdk-go-v2 v1.30.4/go.mod h1:CT+ZPWXbYrci8chcARI3OmI/qgd+f6WtuLOoaIA8PR0=
github.com/aws/aws-sdk-go-v2/aws/protocol/eventstream v1.6.4 h1:70PVAiL15/aBMh5LThwgXdSQorVr91L127ttckI9QQU=
github.com/aws/aws-sdk-go-v2/aws/protocol/eventstream v1.6.4/go.mod h1:/MQxMqci8tlqDH+pjmoLu1i0tbWCUP1hhyMRuFxpQCw=
github.com/aws/aws-sdk-go-v2/config v1.27.31 h1:kxBoRsjhT3pq0cKthgj6RU6bXTm/2SgdoUMyrVw0rAI=
github.com/aws/aws-sdk-go-v2/config v1.27.31/go.mod h1:z04nZdSWFPaDwK3DdJOG2r+scLQzMYuJeW0CujEm9FM=
github.com/aws/aws-sdk-go-v2/credentials v1.17.30 h1:aau/oYFtibVovr2rDt8FHlU17BTicFEMAi29V1U+L5Q=
github.com/aws/aws-sdk-go-v2/credentials v1.17.30/go.mod h1:BPJ/yXV92ZVq6G8uYvbU0gSl8q94UB63nMT5ctNO38g=
github.com/aws/aws-sdk-go-v2/feature/ec2/imds v1.16.12 h1:yjwoSyDZF8Jth+mUk5lSPJCkMC0lMy6FaCD51jm6ayE=
github.com/aws/aws-sdk-go-v2/feature/ec2/imds v1.16.12/go.mod h1:fuR57fAgMk7ot3WcNQfb6rSEn+SUffl7ri+aa8uKysI=
github.com/aws/aws-sdk-go-v2/feature/s3/manager v1.17.16 h1:1FWqcOnvnO0lRsv0kLACwwQquoZIoS5tD0MtfoNdnkk=
github.com/aws/aws-sdk-go-v2/feature/s3/manager v1.17.16/go.mod h1:+E8OuB446P/5Swajo40TqenLMzm6aYDEEz6FZDn/u1E=
github.com/aws/aws-sdk-go-v2/internal/configsources v1.3.16 h1:TNyt/+X43KJ9IJJMjKfa3bNTiZbUP7DeCxfbTROESwY=
github.com/aws/aws-sdk-go-v2/internal/configsources v1.3.16/go.mod h1:2DwJF39FlNAUiX5pAc0UNeiz16lK2t7IaFcm0LFHEgc=
github.com/aws/aws-sdk-go-v2/internal/endpoints/v2 v2.6.16 h1:jYfy8UPmd+6kJW5YhY0L1/KftReOGxI/4NtVSTh9O/I=
github.com/aws/aws-sdk-go-v2/internal/endpoints/v2 v2.6.16/go.mod h1:7ZfEPZxkW42Afq4uQB8H2E2e6ebh6mXTueEpYzjCzcs=
github.com/aws/aws-sdk-go-v2/internal/ini v1.8.1 h1:VaRN3TlFdd6KxX1x3ILT5ynH6HvKgqdiXoTxAF4HQcQ=
github.com/aws/aws-sdk-go-v2/internal/ini v1.8.1/go.mod h1:FbtygfRFze9usAadmnGJNc8KsP346kEe+y2/oyhGAGc=
github.com/aws/aws-sdk-go-v2/internal/v4a v1.3.16 h1:mimdLQkIX1zr8GIPY1ZtALdBQGxcASiBd2MOp8m/dMc=
github.com/aws/aws-sdk-go-v2/internal/v4a v1.3.16/go.mod h1:YHk6owoSwrIsok+cAH9PENCOGoH5PU2EllX4vLtSrsY=
github.com/aws/aws-sdk-go-v2/service/ec2 v1.177.0 h1:LAdDRIj5BEZM9fLDTUWUyPzWvv5A++nCEps/RGmZNOo=
github.com/aws/aws-sdk-go-v2/service/ec2 v1.177.0/go.mod h1:ISODge3zgdwOEa4Ou6WM9PKbxJWJ15DYKnr2bfmCAIA=
github.com/aws/aws-sdk-go-v2/service/internal/accept-encoding v1.11.4 h1:KypMCbLPPHEmf9DgMGw51jMj77VfGPAN2Kv4cfhlfgI=
github.com/aws/aws-sdk-go-v2/service/internal/accept-encoding v1.11.4/go.mod h1:Vz1JQXliGcQktFTN/LN6uGppAIRoLBR2bMvIMP0gOjc=
github.com/aws/aws-sdk-go-v2/service/internal/checksum v1.3.18 h1:GckUnpm4EJOAio1c8o25a+b3lVfwVzC9gnSBqiiNmZM=
github.com/aws/aws-sdk-go-v2/service/internal/checksum v1.3.18/go.mod h1:Br6+bxfG33Dk3ynmkhsW2Z/t9D4+lRqdLDNCKi85w0U=
github.com/aws/aws-sdk-go-v2/service/internal/presigned-url v1.11.18 h1:tJ5RnkHCiSH0jyd6gROjlJtNwov0eGYNz8s8nFcR0jQ=
github.com/aws/aws-sdk-go-v2/service/internal/presigned-url v1.11.18/go.mod h1:++NHzT+nAF7ZPrHPsA+ENvsXkOO8wEu+C6RXltAG4/c=
github.com/aws/aws-sdk-go-v2/service/internal/s3shared v1.17.16 h1:jg16PhLPUiHIj8zYIW6bqzeQSuHVEiWnGA0Brz5Xv2I=
github.com/aws/aws-sdk-go-v2/service/internal/s3shared v1.17.16/go.mod h1:Uyk1zE1VVdsHSU7096h/rwnXDzOzYQVl+FNPhPw7ShY=
github.com/aws/aws-sdk-go-v2/service/s3 v1.61.0 h1:Wb544Wh+xfSXqJ/j3R4aX9wrKUoZsJNmilBYZb3mKQ4=
github.com/aws/aws-sdk-go-v2/service/s3 v1.61.0/go.mod h1:BSPI0EfnYUuNHPS0uqIo5VrRwzie+Fp+YhQOUs16sKI=
github.com/aws/aws-sdk-go-v2/service/sso v1.22.5 h1:zCsFCKvbj25i7p1u94imVoO447I/sFv8qq+lGJhRN0c=
github.com/aws/aws-sdk-go-v2/service/sso v1.22.5/go.mod h1:ZeDX1SnKsVlejeuz41GiajjZpRSWR7/42q/EyA/QEiM=
github.com/aws/aws-sdk-go-v2/service/ssooidc v1.26.5 h1:SKvPgvdvmiTWoi0GAJ7AsJfOz3ngVkD/ERbs5pUnHNI=
github.com/aws/aws-sdk-go-v2/service/ssooidc v1.26.5/go.mod h1:20sz31hv/WsPa3HhU3hfrIet2kxM4Pe0r20eBZ20Tac=
github.com/aws/aws-sdk-go-v2/service/sts v1.30.5 h1:OMsEmCyz2i89XwRwPouAJvhj81wINh+4UK+k/0Yo/q8=
github.com/aws/aws-sdk-go-v2/service/sts v1.30.5/go.mod h1:vmSqFK+BVIwVpDAGZB3CoCXHzurt4qBE8lf+I/kRTh0=
github.com/aws/smithy-go v1.20.4 h1:2HK1zBdPgRbjFOHlfeQZfpC4r72MOb9bZkiFwggKO+4=
github.com/aws/smithy-go v1.20.4/go.mod h1:irrKGvNn1InZwb2d7fkIRNucdfwR8R+Ts3wxYa/cJHg=
github.com/iodasolutions/xbee-common v0.0.0-20240828195214-6b51fe645808 h1:G/l2/wCUzVjHjGBDcnBepecANZjbzu1p7ZlRl77l6js=
github.com/iodasolutions/xbee-common v0.0.0-20240828195214-6b51fe645808/go.mod h1:/5yiir8cysxbyGz0cA4HBMeJas40vNlQyUjkLyZAaWc=
github.com/iodasolutions/xbee-common v0.0.0-20240830163643-a71f36b43300 h1:2n2XBysZwDkNlTrXFY83aXHDK4Mw0yiJYgNbceWFF6s=
github.com/iodasolutions/xbee-common v0.0.0-20240830163643-a71f36b43300/go.mod h1:/5yiir8cysxbyGz0cA4HBMeJas40vNlQyUjkLyZAaWc=
github.com/iodasolutions/xbee-common v0.0.0-20240830180212-a3399375a834 h1:mkwmnmM0k5/QNlte485Bbos0kOVhEbgxUKhcMsedNxE=
github.com/iodasolutions/xbee-common v0.0.0-20240830180212-a3399375a834/go.mod h1:/5yiir8cysxbyGz0cA4HBMeJas40vNlQyUjkLyZAaWc=
github.com/iodasolutions/xbee-common v0.0.0-20241026203355-2b3c01c1f162 h1:bp/hSMsJbFZZhxFbYqL6SpVa0btwJj5xwimgq6UIXMg=
github.com/iodasolutions/xbee-common v0.0.0-20241026203355-2b3c01c1f162/go.mod h1:/5yiir8cysxbyGz0cA4HBMeJas40vNlQyUjkLyZAaWc=
github.com/iodasolutions/xbee-common v0.0.0-20241029074310-c61f6ae4b6cc h1:+4QnXvr9EV5+UrmCP05p5171/edFC7XsesoqgTl/TsQ=
github.com/iodasolutions/xbee-common v0.0.0-20241029074310-c61f6ae4b6cc/go.mod h1:/5yiir8cysxbyGz0cA4HBMeJas40vNlQyUjkLyZAaWc=
github.com/iodasolutions/xbee-common v0.0.0-20241106053646-23fa80fab7be h1:79qVtjhxyV1X3blNseXdHhzyyMGDE5I7PXi+AjjxJdA=
github.com/iodasolutions/xbee-common v0.0.0-20241106053646-23fa80fab7be/go.mod h1:/5yiir8cysxbyGz0cA4HBMeJas40vNlQyUjkLyZAaWc=
github.com/iodasolutions/xbee-common v0.0.0-20241108175044-dd0b5dcb0777 h1:BATeeBvT1dpfzh8IAob5yCFGW7JLGxQfotS9LVixulw=
github.com/iodasolutions/xbee-common v0.0.0-20241108175044-dd0b5dcb0777/go.mod h1:/5yiir8cysxbyGz0cA4HBMeJas40vNlQyUjkLyZAaWc=
github.com/iodasolutions/xbee-common v0.0.0-20241116101940-f07e74e81d33 h1:F/VSUF2ZKsPhL2fnNaE2O5XCNR7hrYy0DPUZgV0nvQI=
github.com/iodasolutions/xbee-common v0.0.0-20241116101940-f07e74e81d33/go.mod h1:/5yiir8cysxbyGz0cA4HBMeJas40vNlQyUjkLyZAaWc=
github.com/iodasolutions/xbee-common v0.0.0-20241116104109-9b97cf1c69fd h1:2ze7iXTv8mwqa4McSWYmMSukdZO1VtGW85REhSVehgU=
github.com/iodasolutions/xbee-common v0.0.0-20241116104109-9b97cf1c69fd/go.mod h1:/5yiir8cysxbyGz0cA4HBMeJas40vNlQyUjkLyZAaWc=
github.com/iodasolutions/xbee-common v0.0.0-20241116205825-636de20eb7be h1:wpIUettrFe21q1L2m6YmorAG8LAG6pbVGeiX9xM+xnk=
github.com/iodasolutions/xbee-common v0.0.0-20241116205825-636de20eb7be/go.mod h1:/5yiir8cysxbyGz0cA4HBMeJas40vNlQyUjkLyZAaWc=
github.com/iodasolutions/xbee-common v0.0.0-20241116211424-a7c57a4fcea3 h1:qYIGIWKiEqzE3OwPJSiQlYu5JW8ItQLpm1jYl9Q1XS8=
github.com/iodasolutions/xbee-common v0.0.0-20241116211424-a7c57a4fcea3/go.mod h1:/5yiir8cysxbyGz0cA4HBMeJas40vNlQyUjkLyZAaWc=
github.com/iodasolutions/xbee-common v0.0.0-20241117071700-8d95eba0e8fc h1:ayix9UEJ8ZCq1UuLBM6O6fvRYgOjraGRkbdv8gsoG7E=
github.com/iodasolutions/xbee-common v0.0.0-20241117071700-8d95eba0e8fc/go.mod h1:/5yiir8cysxbyGz0cA4HBMeJas40vNlQyUjkLyZAaWc=
github.com/iodasolutions/xbee-common v0.0.0-20241117083313-0c8d33e3cae8 h1:TCr8Iff6F5mScVM7qRc/BRm7p+r8Ag73jfM7JXROaFE=
github.com/iodasolutions/xbee-common v0.0.0-20241117083313-0c8d33e3cae8/go.mod h1:/5yiir8cysxbyGz0cA4HBMeJas40vNlQyUjkLyZAaWc=
github.com/iodasolutions/xbee-common v0.0.0-20241117090954-58f95b7dbf45 h1:bQiisDXd01mzvxHpLkPRoVKh7ZBvwJHG/8dWlMomWVg=
github.com/iodasolutions/xbee-common v0.0.0-20241117090954-58f95b7dbf45/go.mod h1:/5yiir8cysxbyGz0cA4HBMeJas40vNlQyUjkLyZAaWc=
github.com/iodasolutions/xbee-common v0.0.0-20241125203956-c6012e32c208 h1:u9MMFAnjInNjuKmHej+4cjsCtmVsVwfktrVWchAX9us=
github.com/iodasolutions/xbee-common v0.0.0-20241125203956-c6012e32c208/go.mod h1:/5yiir8cysxbyGz0cA4HBMeJas40vNlQyUjkLyZAaWc=
github.com/iodasolutions/xbee-common v0.0.0-20241125212346-f1376814c2c1 h1:2+GUUoxyErk9PWv6Qf9Dtec2k4H+rCgLEcXyfc8jx6E=
github.com/iodasolutions/xbee-common v0.0.0-20241125212346-f1376814c2c1/go.mod h1:/5yiir8cysxbyGz0cA4HBMeJas40vNlQyUjkLyZAaWc=
github.com/iodasolutions/xbee-common v0.0.0-20241130231517-e53d26cfd731 h1:lmAuC45/vpNNFiVHDJnPOTMo57mnsSpTmmGObwQng5E=
github.com/iodasolutions/xbee-common v0.0.0-20241130231517-e53d26cfd731/go.mod h1:/5yiir8cysxbyGz0cA4HBMeJas40vNlQyUjkLyZAaWc=
github.com/iodasolutions/xbee-common v0.0.0-20241130231751-9fc03ba55dee h1:sL5nar8rFOfDqhK94XAAXY2XxU+wuwjTLvaAOzheKkI=
github.com/iodasolutions/xbee-common v0.0.0-20241130231751-9fc03ba55dee/go.mod h1:/5yiir8cysxbyGz0cA4HBMeJas40vNlQyUjkLyZAaWc=
github.com/iodasolutions/xbee-common v0.0.0-20241201072851-520927b3149b h1:WdTr6wwW8TKEySFesBO/94qBpMP0pOeSWScjN6PaUn8=
github.com/iodasolutions/xbee-common v0.0.0-20241201072851-520927b3149b/go.mod h1:/5yiir8cysxbyGz0cA4HBMeJas40vNlQyUjkLyZAaWc=
github.com/iodasolutions/xbee-common v0.0.0-20241201075424-8a17dee9194a h1:R5pegkeua1+GJ+I+3Mt/+QafhXUOJAYhnTfa8OIq8A8=
github.com/iodasolutions/xbee-common v0.0.0-20241201075424-8a17dee9194a/go.mod h1:/5yiir8cysxbyGz0cA4HBMeJas40vNlQyUjkLyZAaWc=
github.com/iodasolutions/xbee-common v0.0.0-20241201075856-384a9312584d h1:3/4YAEbSPgoEvR/FlZPwBRtZhJlcafp1ME6p+KJJEuc=
github.com/iodasolutions/xbee-common v0.0.0-20241201075856-384a9312584d/go.mod h1:/5yiir8cysxbyGz0cA4HBMeJas40vNlQyUjkLyZAaWc=
github.com/iodasolutions/xbee-common v0.0.0-20241201110217-d79de33b164b h1:qMVtt3ztLA8gr3pV7wMj7Nf9z7uC7odHS8FCAYB6nJo=
github.com/iodasolutions/xbee-common v0.0.0-20241201110217-d79de33b164b/go.mod h1:/5yiir8cysxbyGz0cA4HBMeJas40vNlQyUjkLyZAaWc=
github.com/iodasolutions/xbee-common v0.0.0-20241201111854-e58d1fd4a222 h1:IVyHcw+kW2JX0aELyn+hSK2oE/rPOvuMMrZr47QtsCE=
github.com/iodasolutions/xbee-common v0.0.0-20241201111854-e58d1fd4a222/go.mod h1:/5yiir8cysxbyGz0cA4HBMeJas40vNlQyUjkLyZAaWc=
github.com/iodasolutions/xbee-common v0.0.0-20241201112153-8d17643631be h1:ZddFxEp1spxdtRb72Mrd4wJ1pvTJTOVzPBFqh4Bc8Tw=
github.com/iodasolutions/xbee-common v0.0.0-20241201112153-8d17643631be/go.mod h1:/5yiir8cysxbyGz0cA4HBMeJas40vNlQyUjkLyZAaWc=
github.com/iodasolutions/xbee-common v0.0.0-20241201112423-872211f29beb h1:YlEKHZVG/1roRYy0q9PVRJVnE6Kylw3AIm9EVRM48Js=
github.com/iodasolutions/xbee-common v0.0.0-20241201112423-872211f29beb/go.mod h1:/5yiir8cysxbyGz0cA4HBMeJas40vNlQyUjkLyZAaWc=
github.com/iodasolutions/xbee-common v0.0.0-20241201113454-8b3e8c0ce534 h1:BBKipkLqmI7zA5usa07/uBV1A41M5fzBvxCqhtQgbyU=
github.com/iodasolutions/xbee-common v0.0.0-20241201113454-8b3e8c0ce534/go.mod h1:/5yiir8cysxbyGz0cA4HBMeJas40vNlQyUjkLyZAaWc=
github.com/iodasolutions/xbee-common v0.0.0-20241201113818-e59c69e2d27a h1:IXon887URtmLNXvsLA9AjszOiKpaSGJVoulln2K5ouM=
github.com/iodasolutions/xbee-common v0.0.0-20241201113818-e59c69e2d27a/go.mod h1:/5yiir8cysxbyGz0cA4HBMeJas40vNlQyUjkLyZAaWc=
github.com/iodasolutions/xbee-common v0.0.0-20250119103715-78d421357e39 h1:TCH3LIj6FgCJt0W6nBLgtwcRxWdO1trXjqZTELX7dcI=
github.com/iodasolutions/xbee-common v0.0.0-20250119103715-78d421357e39/go.mod h1:/5yiir8cysxbyGz0cA4HBMeJas40vNlQyUjkLyZAaWc=
github.com/iodasolutions/xbee-common v0.0.0-20250119125013-4a07b95b52cf h1:Elp72TrZtmueeW4cRNdtUCi8r4i3SJkf3rDmiatPpbE=
github.com/iodasolutions/xbee-common v0.0.0-20250119125013-4a07b95b52cf/go.mod h1:/5yiir8cysxbyGz0cA4HBMeJas40vNlQyUjkLyZAaWc=
github.com/iodasolutions/xbee-common v0.0.0-20250119135815-b23e82fe9c9b h1:E+juwx+TcvIV8Ee1m5XpWvQ3OesqCJ8zA/fWzJmgtEU=
github.com/iodasolutions/xbee-common v0.0.0-20250119135815-b23e82fe9c9b/go.mod h1:/5yiir8cysxbyGz0cA4HBMeJas40vNlQyUjkLyZAaWc=
github.com/iodasolutions/xbee-common v0.0.0-20250119142405-4b2a7816bcda h1:fm2qJWV6VAepf/o+sQfzYzZoPeZkYurHdpGsDbMrOG0=
github.com/iodasolutions/xbee-common v0.0.0-20250119142405-4b2a7816bcda/go.mod h1:/5yiir8cysxbyGz0cA4HBMeJas40vNlQyUjkLyZAaWc=
github.com/iodasolutions/xbee-common v0.0.0-20250119145849-1ffe054eb4c7 h1:vQzrbxqLDddont6rvoKh4wNd/n+B9G68aSoEZFADTts=
github.com/iodasolutions/xbee-common v0.0.0-20250119145849-1ffe054eb4c7/go.mod h1:/5yiir8cysxbyGz0cA4HBMeJas40vNlQyUjkLyZAaWc=
github.com/iodasolutions/xbee-common v0.0.0-20250126204315-d9f5a61d51ab h1:PVIHuzgKzhvCb6nSgojyYz3wjJNscEEPyCiHKfKf/to=
github.com/iodasolutions/xbee-common v0.0.0-20250126204315-d9f5a61d51ab/go.mod h1:/5yiir8cysxbyGz0cA4HBMeJas40vNlQyUjkLyZAaWc=
github.com/iodasolutions/xbee-common v0.0.0-20250201230030-1effe1d33da4 h1:0VkQ6nuFXpmxOFpGx6O0mhnvArqgPoIMUHgOpXrQSgA=
github.com/iodasolutions/xbee-common v0.0.0-20250201230030-1effe1d33da4/go.mod h1:/5yiir8cysxbyGz0cA4HBMeJas40vNlQyUjkLyZAaWc=
github.com/iodasolutions/xbee-common v0.0.0-20250202064305-73639d3ea0a9 h1:o32VDsGZaTwAwWjpkS3ZZk80jLmkBEmIzTMmmma7IlE=
github.com/iodasolutions/xbee-common v0.0.0-20250202064305-73639d3ea0a9/go.mod h1:/5yiir8cysxbyGz0cA4HBMeJas40vNlQyUjkLyZAaWc=
github.com/iodasolutions/xbee-common v0.0.0-20250208133409-4d35932a5f1f h1:BVyoYSMloNhgt2p6Vd5plGbuI1XlBjvJTTEWYe1LQGw=
github.com/iodasolutions/xbee-common v0.0.0-20250208133409-4d35932a5f1f/go.mod h1:/5yiir8cysxbyGz0cA4HBMeJas40vNlQyUjkLyZAaWc=
github.com/iodasolutions/xbee-common v0.0.0-20250208214433-bd61c806c4b8 h1:uTgzz6Pb3rwuuNsauWPVymPh3fIh99ZTrkhcv5QEzZc=
github.com/iodasolutions/xbee-common v0.0.0-20250208214433-bd61c806c4b8/go.mod h1:/5yiir8cysxbyGz0cA4HBMeJas40vNlQyUjkLyZAaWc=
github.com/iodasolutions/xbee-common v0.0.0-20250326193748-b05ea079eb76 h1:0TW5PyADaAovhQtzRvv8VVpqESUw2plabyIg9AFNbU0=
github.com/iodasolutions/xbee-common v0.0.0-20250326193748-b05ea079eb76/go.mod h1:/5yiir8cysxbyGz0cA4HBMeJas40vNlQyUjkLyZAaWc=
github.com/iodasolutions/xbee-common v0.0.0-20250326195244-565d238978e3 h1:5EedNp7s7aoECNRA5znijDnRNIYiT0Yd1a5pd2ljGj8=
github.com/iodasolutions/xbee-common v0.0.0-20250326195244-565d238978e3/go.mod h1:/5yiir8cysxbyGz0cA4HBMeJas40vNlQyUjkLyZAaWc=
github.com/iodasolutions/xbee-common v0.0.0-20250327192704-46c269359965 h1:Z7+/SmKDgvs2RHIKOmYQsPeK1zFUyplggM25AYUNA8s=
github.com/iodasolutions/xbee-common v0.0.0-20250327192704-46c269359965/go.mod h1:/5yiir8cysxbyGz0cA4HBMeJas40vNlQyUjkLyZAaWc=
github.com/iodasolutions/xbee-common v0.0.0-20250327193528-151a1e99e9ac h1:VmaBVBoSVtHVM3rKXPTC9k48n9U6bY+gkNUgKAS2eiI=
github.com/iodasolutions/xbee-common v0.0.0-20250327193528-151a1e99e9ac/go.mod h1:/5yiir8cysxbyGz0cA4HBMeJas40vNlQyUjkLyZAaWc=
github.com/nu7hatch/gouuid v0.0.0-20131221200532-179d4d0c4d8d h1:VhgPp6v9qf9Agr/56bj7Y/xa04UccTW04VP0Qed4vnQ=
github.com/nu7hatch/gouuid v0.0.0-20131221200532-179d4d0c4d8d/go.mod h1:YUTz3bUH2ZwIWBy3CJBeOBEugqcmXREj14T+iG/4k4U=
github.com/ulikunitz/xz v0.5.12 h1:37Nm15o69RwBkXM0J6A5OlE67RZTfzUxTj8fB3dfcsc=
github.com/ulikunitz/xz v0.5.12/go.mod h1:nbz6k7qbPmH4IRqmfOplQw/tblSgqTqBwxkY0oWt/14=
golang.org/x/crypto v0.22.0 h1:g1v0xeRhjcugydODzvb3mEM9SQ0HGp9s/nh3COQ/C30=
golang.org/x/crypto v0.22.0/go.mod h1:vr6Su+7cTlO45qkww3VDJlzDn0ctJvRgYbC2NvXHt+M=
golang.org/x/sys v0.19.0 h1:q5f1RH2jigJ1MoAWp2KTp3gm5zAGFUTarQZ5U386+4o=
golang.org/x/sys v0.19.0/go.mod h1:/VUhepiaJMQUp4+oa/7Zr1D23ma6VTLIYjOOTFZPUcA=
golang.org/x/term v0.19.0 h1:+ThwsDv+tYfnJFhF4L8jITxu1tdTWRTZpdsWgEgjL6Q=
golang.org/x/term v0.19.0/go.mod h1:2CuTdWZ7KHSQwUzKva0cbMg6q2DMI3Mmxp+gKJbskEk=
